
Microsoft Visual Studio Solution File, Format Version 12.00
# Visual Studio 15
VisualStudioVersion = 15.0.28307.2092
MinimumVisualStudioVersion = 10.0.40219.1
Project("{FAE04EC0-301F-11D3-BF4B-00C04F79EFBC}") = "MyFirstTest", "MyFirstTest\MyFirstTest.csproj", "{004CA5F4-AA06-4649-824B-7DF1089110DE}"
EndProject
Global
	GlobalSection(SolutionConfigurationPlatforms) = preSolution
		Debug|Any CPU = Debug|Any CPU
		Release|Any CPU = Release|Any CPU
	EndGlobalSection
	GlobalSection(ProjectConfigurationPlatforms) = postSolution
		{004CA5F4-AA06-4649-824B-7DF1089110DE}.Debug|Any CPU.ActiveCfg = Debug|Any CPU
		{004CA5F4-AA06-4649-824B-7DF1089110DE}.Debug|Any CPU.Build.0 = Debug|Any CPU
		{004CA5F4-AA06-4649-824B-7DF1089110DE}.Release|Any CPU.ActiveCfg = Release|Any CPU
		{004CA5F4-AA06-4649-824B-7DF1089110DE}.Release|Any CPU.Build.0 = Release|Any CPU
	EndGlobalSection
	GlobalSection(SolutionProperties) = preSolution
		HideSolutionNode = FALSE
	EndGlobalSection
	GlobalSection(ExtensibilityGlobals) = postSolution
		SolutionGuid = {D2A6DF36-70A6-464E-BFA4-CD0CEF83DAE4}
	EndGlobalSection
EndGlobal
